
Microsoft Visual Studio Solution File, Format Version 12.00
# Visual Studio Version 17
VisualStudioVersion = 17.9.34902.65
MinimumVisualStudioVersion = 10.0.40219.1
Project("{8BC9CEB8-8B4A-11D0-8D11-00A0C91BC942}") = "MyCppAppCourse2Lr9", "MyCppAppCourse2Lr9\MyCppAppCourse2Lr9.vcxproj", "{9364F1F7-8646-470E-AC53-ABABA47CC57B}"
EndProject
Global
	GlobalSection(SolutionConfigurationPlatforms) = preSolution
		Debug|x64 = Debug|x64
		Debug|x86 = Debug|x86
		Release|x64 = Release|x64
		Release|x86 = Release|x86
	EndGlobalSection
	GlobalSection(ProjectConfigurationPlatforms) = postSolution
		{9364F1F7-8646-470E-AC53-ABABA47CC57B}.Debug|x64.ActiveCfg = Debug|x64
		{9364F1F7-8646-470E-AC53-ABABA47CC57B}.Debug|x64.Build.0 = Debug|x64
		{9364F1F7-8646-470E-AC53-ABABA47CC57B}.Debug|x86.ActiveCfg = Debug|Win32
		{9364F1F7-8646-470E-AC53-ABABA47CC57B}.Debug|x86.Build.0 = Debug|Win32
		{9364F1F7-8646-470E-AC53-ABABA47CC57B}.Release|x64.ActiveCfg = Release|x64
		{9364F1F7-8646-470E-AC53-ABABA47CC57B}.Release|x64.Build.0 = Release|x64
		{9364F1F7-8646-470E-AC53-ABABA47CC57B}.Release|x86.ActiveCfg = Release|Win32
		{9364F1F7-8646-470E-AC53-ABABA47CC57B}.Release|x86.Build.0 = Release|Win32
	EndGlobalSection
	GlobalSection(SolutionProperties) = preSolution
		HideSolutionNode = FALSE
	EndGlobalSection
	GlobalSection(ExtensibilityGlobals) = postSolution
		SolutionGuid = {11CCD333-CB97-40EA-9F87-5D30B2B8A63E}
	EndGlobalSection
EndGlobal
